
Microsoft Visual Studio Solution File, Format Version 12.00
# Visual Studio Version 17
VisualStudioVersion = 17.2.32616.157
MinimumVisualStudioVersion = 10.0.40219.1
Project("{9A19103F-16F7-4668-BE54-9A1E7A4F7556}") = "HubCount.Urna.API", "src\HubCount.Urna.API\HubCount.Urna.API.csproj", "{9D5A52BC-1937-45B0-9B8B-301A53BD4208}"
EndProject
Project("{2150E333-8FDC-42A3-9474-1A3956D46DE8}") = "src", "src", "{EDBAFBBF-1D83-487C-819F-73BB665D4B62}"
EndProject
Project("{2150E333-8FDC-42A3-9474-1A3956D46DE8}") = "test", "test", "{B421CBD5-778F-4D1D-A63F-23FA356C78C2}"
EndProject
Project("{9A19103F-16F7-4668-BE54-9A1E7A4F7556}") = "HubCount.Urna.Core", "src\HubCount.Urna.Core\HubCount.Urna.Core.csproj", "{B883E6DF-CD97-405F-8BDF-8BC9C3C3A738}"
EndProject
Project("{FAE04EC0-301F-11D3-BF4B-00C04F79EFBC}") = "HubCount.Urna.Test", "test\HubCount.Urna.Test\HubCount.Urna.Test.csproj", "{D7C5C8F5-0B80-485D-8282-B7FB4FA31B7C}"
EndProject
Global
	GlobalSection(SolutionConfigurationPlatforms) = preSolution
		Debug|Any CPU = Debug|Any CPU
		Release|Any CPU = Release|Any CPU
	EndGlobalSection
	GlobalSection(ProjectConfigurationPlatforms) = postSolution
		{9D5A52BC-1937-45B0-9B8B-301A53BD4208}.Debug|Any CPU.ActiveCfg = Debug|Any CPU
		{9D5A52BC-1937-45B0-9B8B-301A53BD4208}.Debug|Any CPU.Build.0 = Debug|Any CPU
		{9D5A52BC-1937-45B0-9B8B-301A53BD4208}.Release|Any CPU.ActiveCfg = Release|Any CPU
		{9D5A52BC-1937-45B0-9B8B-301A53BD4208}.Release|Any CPU.Build.0 = Release|Any CPU
		{B883E6DF-CD97-405F-8BDF-8BC9C3C3A738}.Debug|Any CPU.ActiveCfg = Debug|Any CPU
		{B883E6DF-CD97-405F-8BDF-8BC9C3C3A738}.Debug|Any CPU.Build.0 = Debug|Any CPU
		{B883E6DF-CD97-405F-8BDF-8BC9C3C3A738}.Release|Any CPU.ActiveCfg = Release|Any CPU
		{B883E6DF-CD97-405F-8BDF-8BC9C3C3A738}.Release|Any CPU.Build.0 = Release|Any CPU
		{D7C5C8F5-0B80-485D-8282-B7FB4FA31B7C}.Debug|Any CPU.ActiveCfg = Debug|Any CPU
		{D7C5C8F5-0B80-485D-8282-B7FB4FA31B7C}.Debug|Any CPU.Build.0 = Debug|Any CPU
		{D7C5C8F5-0B80-485D-8282-B7FB4FA31B7C}.Release|Any CPU.ActiveCfg = Release|Any CPU
		{D7C5C8F5-0B80-485D-8282-B7FB4FA31B7C}.Release|Any CPU.Build.0 = Release|Any CPU
	EndGlobalSection
	GlobalSection(SolutionProperties) = preSolution
		HideSolutionNode = FALSE
	EndGlobalSection
	GlobalSection(NestedProjects) = preSolution
		{9D5A52BC-1937-45B0-9B8B-301A53BD4208} = {EDBAFBBF-1D83-487C-819F-73BB665D4B62}
		{B883E6DF-CD97-405F-8BDF-8BC9C3C3A738} = {EDBAFBBF-1D83-487C-819F-73BB665D4B62}
		{D7C5C8F5-0B80-485D-8282-B7FB4FA31B7C} = {B421CBD5-778F-4D1D-A63F-23FA356C78C2}
	EndGlobalSection
	GlobalSection(ExtensibilityGlobals) = postSolution
		SolutionGuid = {93ACB7AF-6E81-4A28-8D5E-6526E751B4F1}
	EndGlobalSection
EndGlobal
